# THIS IS AN AUTOGENERATED FILE. DO NOT EDIT THIS FILE DIRECTLY.
# yarn lockfile v1


momnet@^0.0.1-security:
  version "0.0.1-security"
  resolved "https://registry.yarnpkg.com/momnet/-/momnet-0.0.1-security.tgz#55dc3dac6a2bab14265108a1f5542a1e807b507a"
  integrity sha512-vZzqjTChGDptoZtVNLnGZQxvvs7If4JLWu+KFZ1FKQFt9p/8mhb5C/LthzHfqJCDHnXPtfw67pzwHumESj0NfA==
